
Microsoft Visual Studio Solution File, Format Version 12.00
# Visual Studio 15
VisualStudioVersion = 15.0.27428.2002
MinimumVisualStudioVersion = 10.0.40219.1
Project("{8BC9CEB8-8B4A-11D0-8D11-00A0C91BC942}") = "SodukuSolver", "SodukuSolver\SodukuSolver.vcxproj", "{7BFF599B-323B-4312-8149-E6334038A715}"
EndProject
Global
	GlobalSection(SolutionConfigurationPlatforms) = preSolution
		Debug|x64 = Debug|x64
		Debug|x86 = Debug|x86
		Release|x64 = Release|x64
		Release|x86 = Release|x86
	EndGlobalSection
	GlobalSection(ProjectConfigurationPlatforms) = postSolution
		{7BFF599B-323B-4312-8149-E6334038A715}.Debug|x64.ActiveCfg = Debug|x64
		{7BFF599B-323B-4312-8149-E6334038A715}.Debug|x64.Build.0 = Debug|x64
		{7BFF599B-323B-4312-8149-E6334038A715}.Debug|x86.ActiveCfg = Debug|Win32
		{7BFF599B-323B-4312-8149-E6334038A715}.Debug|x86.Build.0 = Debug|Win32
		{7BFF599B-323B-4312-8149-E6334038A715}.Release|x64.ActiveCfg = Release|x64
		{7BFF599B-323B-4312-8149-E6334038A715}.Release|x64.Build.0 = Release|x64
		{7BFF599B-323B-4312-8149-E6334038A715}.Release|x86.ActiveCfg = Release|Win32
		{7BFF599B-323B-4312-8149-E6334038A715}.Release|x86.Build.0 = Release|Win32
	EndGlobalSection
	GlobalSection(SolutionProperties) = preSolution
		HideSolutionNode = FALSE
	EndGlobalSection
	GlobalSection(ExtensibilityGlobals) = postSolution
		SolutionGuid = {7CC915B9-DDD6-4499-8967-4FD3F3D678B8}
	EndGlobalSection
EndGlobal
